// !$*UTF8*$!
{
	archiveVersion = 1;
	classes = {
	};
	objectVersion = 50;
	objects = {

/* Begin PBXBuildFile section */
		825E882D2320E90E00046ACC /* AppDelegate.swift in Sources */ = {isa = PBXBuildFile; fileRef = 825E882C2320E90E00046ACC /* AppDelegate.swift */; };
		825E882F2320E90E00046ACC /* ViewController.swift in Sources */ = {isa = PBXBuildFile; fileRef = 825E882E2320E90E00046ACC /* ViewController.swift */; };
		825E88322320E90E00046ACC /* Main.storyboard in Resources */ = {isa = PBXBuildFile; fileRef = 825E88302320E90E00046ACC /* Main.storyboard */; };
		825E88342320E90F00046ACC /* Assets.xcassets in Resources */ = {isa = PBXBuildFile; fileRef = 825E88332320E90F00046ACC /* Assets.xcassets */; };
		825E88372320E90F00046ACC /* LaunchScreen.storyboard in Resources */ = {isa = PBXBuildFile; fileRef = 825E88352320E90F00046ACC /* LaunchScreen.storyboard */; };
		825E88422320E90F00046ACC /* calculatorTests.swift in Sources */ = {isa = PBXBuildFile; fileRef = 825E88412320E90F00046ACC /* calculatorTests.swift */; };
		825E884D2320E90F00046ACC /* calculatorUITests.swift in Sources */ = {isa = PBXBuildFile; fileRef = 825E884C2320E90F00046ACC /* calculatorUITests.swift */; };
		C21C393423327A7800C5AE42 /* Calculator.swift in Sources */ = {isa = PBXBuildFile; fileRef = C21C393323327A7800C5AE42 /* Calculator.swift */; };
/* End PBXBuildFile section */

/* Begin PBXContainerItemProxy section */
		825E883E2320E90F00046ACC /* PBXContainerItemProxy */ = {
			isa = PBXContainerItemProxy;
			containerPortal = 825E88212320E90E00046ACC /* Project object */;
			proxyType = 1;
			remoteGlobalIDString = 825E88282320E90E00046ACC;
			remoteInfo = calculator;
		};
		825E88492320E90F00046ACC /* PBXContainerItemProxy */ = {
			isa = PBXContainerItemProxy;
			containerPortal = 825E88212320E90E00046ACC /* Project object */;
			proxyType = 1;
			remoteGlobalIDString = 825E88282320E90E00046ACC;
			remoteInfo = calculator;
		};
/* End PBXContainerItemProxy section */

/* Begin PBXFileReference section */
		825E88292320E90E00046ACC /* calculator.app */ = {isa = PBXFileReference; explicitFileType = wrapper.application; includeInIndex = 0; path = calculator.app; sourceTree = BUILT_PRODUCTS_DIR; };
		825E882C2320E90E00046ACC /* AppDelegate.swift */ = {isa = PBXFileReference; lastKnownFileType = sourcecode.swift; path = AppDelegate.swift; sourceTree = "<group>"; };
		825E882E2320E90E00046ACC /* ViewController.swift */ = {isa = PBXFileReference; lastKnownFileType = sourcecode.swift; path = ViewController.swift; sourceTree = "<group>"; };
		825E88312320E90E00046ACC /* Base */ = {isa = PBXFileReference; lastKnownFileType = file.storyboard; name = Base; path = Base.lproj/Main.storyboard; sourceTree = "<group>"; };
		825E88332320E90F00046ACC /* Assets.xcassets */ = {isa = PBXFileReference; lastKnownFileType = folder.assetcatalog; path = Assets.xcassets; sourceTree = "<group>"; };
		825E88362320E90F00046ACC /* Base */ = {isa = PBXFileReference; lastKnownFileType = file.storyboard; name = Base; path = Base.lproj/LaunchScreen.storyboard; sourceTree = "<group>"; };
		825E88382320E90F00046ACC /* Info.plist */ = {isa = PBXFileReference; lastKnownFileType = text.plist.xml; path = Info.plist; sourceTree = "<group>"; };
		825E883D2320E90F00046ACC /* calculatorTests.xctest */ = {isa = PBXFileReference; explicitFileType = wrapper.cfbundle; includeInIndex = 0; path = calculatorTests.xctest; sourceTree = BUILT_PRODUCTS_DIR; };
		825E88412320E90F00046ACC /* calculatorTests.swift */ = {isa = PBXFileReference; lastKnownFileType = sourcecode.swift; path = calculatorTests.swift; sourceTree = "<group>"; };
		825E88432320E90F00046ACC /* Info.plist */ = {isa = PBXFileReference; lastKnownFileType = text.plist.xml; path = Info.plist; sourceTree = "<group>"; };
		825E88482320E90F00046ACC /* calculatorUITests.xctest */ = {isa = PBXFileReference; explicitFileType = wrapper.cfbundle; includeInIndex = 0; path = calculatorUITests.xctest; sourceTree = BUILT_PRODUCTS_DIR; };
		825E884C2320E90F00046ACC /* calculatorUITests.swift */ = {isa = PBXFileReference; lastKnownFileType = sourcecode.swift; path = calculatorUITests.swift; sourceTree = "<group>"; };
		825E884E2320E90F00046ACC /* Info.plist */ = {isa = PBXFileReference; lastKnownFileType = text.plist.xml; path = Info.plist; sourceTree = "<group>"; };
		C21C393323327A7800C5AE42 /* Calculator.swift */ = {isa = PBXFileReference; lastKnownFileType = sourcecode.swift; path = Calculator.swift; sourceTree = "<group>"; };
/* End PBXFileReference section */

/* Begin PBXFrameworksBuildPhase section */
		825E88262320E90E00046ACC /* Frameworks */ = {
			isa = PBXFrameworksBuildPhase;
			buildActionMask = 2147483647;
			files = (
			);
			runOnlyForDeploymentPostprocessing = 0;
		};
		825E883A2320E90F00046ACC /* Frameworks */ = {
			isa = PBXFrameworksBuildPhase;
			buildActionMask = 2147483647;
			files = (
			);
			runOnlyForDeploymentPostprocessing = 0;
		};
		825E88452320E90F00046ACC /* Frameworks */ = {
			isa = PBXFrameworksBuildPhase;
			buildActionMask = 2147483647;
			files = (
			);
			runOnlyForDeploymentPostprocessing = 0;
		};
/* End PBXFrameworksBuildPhase section */

/* Begin PBXGroup section */
		825E88202320E90E00046ACC = {
			isa = PBXGroup;
			children = (
				825E882B2320E90E00046ACC /* calculator */,
				825E88402320E90F00046ACC /* calculatorTests */,
				825E884B2320E90F00046ACC /* calculatorUITests */,
				825E882A2320E90E00046ACC /* Products */,
			);
			sourceTree = "<group>";
		};
		825E882A2320E90E00046ACC /* Products */ = {
			isa = PBXGroup;
			children = (
				825E88292320E90E00046ACC /* calculator.app */,
				825E883D2320E90F00046ACC /* calculatorTests.xctest */,
				825E88482320E90F00046ACC /* calculatorUITests.xctest */,
			);
			name = Products;
			sourceTree = "<group>";
		};
		825E882B2320E90E00046ACC /* calculator */ = {
			isa = PBXGroup;
			children = (
				825E882C2320E90E00046ACC /* AppDelegate.swift */,
				825E882E2320E90E00046ACC /* ViewController.swift */,
				825E88302320E90E00046ACC /* Main.storyboard */,
				825E88332320E90F00046ACC /* Assets.xcassets */,
				825E88352320E90F00046ACC /* LaunchScreen.storyboard */,
				825E88382320E90F00046ACC /* Info.plist */,
				C21C393323327A7800C5AE42 /* Calculator.swift */,
			);
			path = calculator;
			sourceTree = "<group>";
		};
		825E88402320E90F00046ACC /* calculatorTests */ = {
			isa = PBXGroup;
			children = (
				825E88412320E90F00046ACC /* calculatorTests.swift */,
				825E88432320E90F00046ACC /* Info.plist */,
			);
			path = calculatorTests;
			sourceTree = "<group>";
		};
		825E884B2320E90F00046ACC /* calculatorUITests */ = {
			isa = PBXGroup;
			children = (
				825E884C2320E90F00046ACC /* calculatorUITests.swift */,
				825E884E2320E90F00046ACC /* Info.plist */,
			);
			path = calculatorUITests;
			sourceTree = "<group>";
		};
/* End PBXGroup section */

/* Begin PBXNativeTarget section */
		825E88282320E90E00046ACC /* calculator */ = {
			isa = PBXNativeTarget;
			buildConfigurationList = 825E88512320E90F00046ACC /* Build configuration list for PBXNativeTarget "calculator" */;
			buildPhases = (
				825E88252320E90E00046ACC /* Sources */,
				825E88262320E90E00046ACC /* Frameworks */,
				825E88272320E90E00046ACC /* Resources */,
			);
			buildRules = (
			);
			dependencies = (
			);
			name = calculator;
			productName = calculator;
			productReference = 825E88292320E90E00046ACC /* calculator.app */;
			productType = "com.apple.product-type.application";
		};
		825E883C2320E90F00046ACC /* calculatorTests */ = {
			isa = PBXNativeTarget;
			buildConfigurationList = 825E88542320E90F00046ACC /* Build configuration list for PBXNativeTarget "calculatorTests" */;
			buildPhases = (
				825E88392320E90F00046ACC /* Sources */,
				825E883A2320E90F00046ACC /* Frameworks */,
				825E883B2320E90F00046ACC /* Resources */,
			);
			buildRules = (
			);
			dependencies = (
				825E883F2320E90F00046ACC /* PBXTargetDependency */,
			);
			name = calculatorTests;
			productName = calculatorTests;
			productReference = 825E883D2320E90F00046ACC /* calculatorTests.xctest */;
			productType = "com.apple.product-type.bundle.unit-test";
		};
		825E88472320E90F00046ACC /* calculatorUITests */ = {
			isa = PBXNativeTarget;
			buildConfigurationList = 825E88572320E90F00046ACC /* Build configuration list for PBXNativeTarget "calculatorUITests" */;
			buildPhases = (
				825E88442320E90F00046ACC /* Sources */,
				825E88452320E90F00046ACC /* Frameworks */,
				825E88462320E90F00046ACC /* Resources */,
			);
			buildRules = (
			);
			dependencies = (
				825E884A2320E90F00046ACC /* PBXTargetDependency */,
			);
			name = calculatorUITests;
			productName = calculatorUITests;
			productReference = 825E88482320E90F00046ACC /* calculatorUITests.xctest */;
			productType = "com.apple.product-type.bundle.ui-testing";
		};
/* End PBXNativeTarget section */

/* Begin PBXProject section */
		825E88212320E90E00046ACC /* Project object */ = {
			isa = PBXProject;
			attributes = {
				LastSwiftUpdateCheck = 1030;
				LastUpgradeCheck = 1030;
				ORGANIZATIONNAME = "Сейткасым Байтурсынов";
				TargetAttributes = {
					825E88282320E90E00046ACC = {
						CreatedOnToolsVersion = 10.3;
					};
					825E883C2320E90F00046ACC = {
						CreatedOnToolsVersion = 10.3;
						TestTargetID = 825E88282320E90E00046ACC;
					};
					825E88472320E90F00046ACC = {
						CreatedOnToolsVersion = 10.3;
						TestTargetID = 825E88282320E90E00046ACC;
					};
				};
			};
			buildConfigurationList = 825E88242320E90E00046ACC /* Build configuration list for PBXProject "calculator" */;
			compatibilityVersion = "Xcode 9.3";
			developmentRegion = en;
			hasScannedForEncodings = 0;
			knownRegions = (
				en,
				Base,
			);
			mainGroup = 825E88202320E90E00046ACC;
			productRefGroup = 825E882A2320E90E00046ACC /* Products */;
			projectDirPath = "";
			projectRoot = "";
			targets = (
				825E88282320E90E00046ACC /* calculator */,
				825E883C2320E90F00046ACC /* calculatorTests */,
				825E88472320E90F00046ACC /* calculatorUITests */,
			);
		};
/* End PBXProject section */

/* Begin PBXResourcesBuildPhase section */
		825E88272320E90E00046ACC /* Resources */ = {
			isa = PBXResourcesBuildPhase;
			buildActionMask = 2147483647;
			files = (
				825E88372320E90F00046ACC /* LaunchScreen.storyboard in Resources */,
				825E88342320E90F00046ACC /* Assets.xcassets in Resources */,
				825E88322320E90E00046ACC /* Main.storyboard in Resources */,
			);
			runOnlyForDeploymentPostprocessing = 0;
		};
		825E883B2320E90F00046ACC /* Resources */ = {
			isa = PBXResourcesBuildPhase;
			buildActionMask = 2147483647;
			files = (
			);
			runOnlyForDeploymentPostprocessing = 0;
		};
		825E88462320E90F00046ACC /* Resources */ = {
			isa = PBXResourcesBuildPhase;
			buildActionMask = 2147483647;
			files = (
			);
			runOnlyForDeploymentPostprocessing = 0;
		};
/* End PBXResourcesBuildPhase section */

/* Begin PBXSourcesBuildPhase section */
		825E88252320E90E00046ACC /* Sources */ = {
			isa = PBXSourcesBuildPhase;
			buildActionMask = 2147483647;
			files = (
				825E882F2320E90E00046ACC /* ViewController.swift in Sources */,
				825E882D2320E90E00046ACC /* AppDelegate.swift in Sources */,
				C21C393423327A7800C5AE42 /* Calculator.swift in Sources */,
			);
			runOnlyForDeploymentPostprocessing = 0;
		};
		825E88392320E90F00046ACC /* Sources */ = {
			isa = PBXSourcesBuildPhase;
			buildActionMask = 2147483647;
			files = (
				825E88422320E90F00046ACC /* calculatorTests.swift in Sources */,
			);
			runOnlyForDeploymentPostprocessing = 0;
		};
		825E88442320E90F00046ACC /* Sources */ = {
			isa = PBXSourcesBuildPhase;
			buildActionMask = 2147483647;
			files = (
				825E884D2320E90F00046ACC /* calculatorUITests.swift in Sources */,
			);
			runOnlyForDeploymentPostprocessing = 0;
		};
/* End PBXSourcesBuildPhase section */

/* Begin PBXTargetDependency section */
		825E883F2320E90F00046ACC /* PBXTargetDependency */ = {
			isa = PBXTargetDependency;
			target = 825E88282320E90E00046ACC /* calculator */;
			targetProxy = 825E883E2320E90F00046ACC /* PBXContainerItemProxy */;
		};
		825E884A2320E90F00046ACC /* PBXTargetDependency */ = {
			isa = PBXTargetDependency;
			target = 825E88282320E90E00046ACC /* calculator */;
			targetProxy = 825E88492320E90F00046ACC /* PBXContainerItemProxy */;
		};
/* End PBXTargetDependency section */

/* Begin PBXVariantGroup section */
		825E88302320E90E00046ACC /* Main.storyboard */ = {
			isa = PBXVariantGroup;
			children = (
				825E88312320E90E00046ACC /* Base */,
			);
			name = Main.storyboard;
			sourceTree = "<group>";
		};
		825E88352320E90F00046ACC /* LaunchScreen.storyboard */ = {
			isa = PBXVariantGroup;
			children = (
				825E88362320E90F00046ACC /* Base */,
			);
			name = LaunchScreen.storyboard;
			sourceTree = "<group>";
		};
/* End PBXVariantGroup section */

/* Begin XCBuildConfiguration section */
		825E884F2320E90F00046ACC /* Debug */ = {
			isa = XCBuildConfiguration;
			buildSettings = {
				ALWAYS_SEARCH_USER_PATHS = NO;
				CLANG_ANALYZER_NONNULL = YES;
				CLANG_ANALYZER_NUMBER_OBJECT_CONVERSION = YES_AGGRESSIVE;
				CLANG_CXX_LANGUAGE_STANDARD = "gnu++14";
				CLANG_CXX_LIBRARY = "libc++";
				CLANG_ENABLE_MODULES = YES;
				CLANG_ENABLE_OBJC_ARC = YES;
				CLANG_ENABLE_OBJC_WEAK = YES;
				CLANG_WARN_BLOCK_CAPTURE_AUTORELEASING = YES;
				CLANG_WARN_BOOL_CONVERSION = YES;
				CLANG_WARN_COMMA = YES;
				CLANG_WARN_CONSTANT_CONVERSION = YES;
				CLANG_WARN_DEPRECATED_OBJC_IMPLEMENTATIONS = YES;
				CLANG_WARN_DIRECT_OBJC_ISA_USAGE = YES_ERROR;
				CLANG_WARN_DOCUMENTATION_COMMENTS = YES;
				CLANG_WARN_EMPTY_BODY = YES;
				CLANG_WARN_ENUM_CONVERSION = YES;
				CLANG_WARN_INFINITE_RECURSION = YES;
				CLANG_WARN_INT_CONVERSION = YES;
				CLANG_WARN_NON_LITERAL_NULL_CONVERSION = YES;
				CLANG_WARN_OBJC_IMPLICIT_RETAIN_SELF = YES;
				CLANG_WARN_OBJC_LITERAL_CONVERSION = YES;
				CLANG_WARN_OBJC_ROOT_CLASS = YES_ERROR;
				CLANG_WARN_RANGE_LOOP_ANALYSIS = YES;
				CLANG_WARN_STRICT_PROTOTYPES = YES;
				CLANG_WARN_SUSPICIOUS_MOVE = YES;
				CLANG_WARN_UNGUARDED_AVAILABILITY = YES_AGGRESSIVE;
				CLANG_WARN_UNREACHABLE_CODE = YES;
				CLANG_WARN__DUPLICATE_METHOD_MATCH = YES;
				CODE_SIGN_IDENTITY = "iPhone Developer";
				COPY_PHASE_STRIP = NO;
				DEBUG_INFORMATION_FORMAT = dwarf;
				ENABLE_STRICT_OBJC_MSGSEND = YES;
				ENABLE_TESTABILITY = YES;
				GCC_C_LANGUAGE_STANDARD = gnu11;
				GCC_DYNAMIC_NO_PIC = NO;
				GCC_NO_COMMON_BLOCKS = YES;
				GCC_OPTIMIZATION_LEVEL = 0;
				GCC_PREPROCESSOR_DEFINITIONS = (
					"DEBUG=1",
					"$(inherited)",
				);
				GCC_WARN_64_TO_32_BIT_CONVERSION = YES;
				GCC_WARN_ABOUT_RETURN_TYPE = YES_ERROR;
				GCC_WARN_UNDECLARED_SELECTOR = YES;
				GCC_WARN_UNINITIALIZED_AUTOS = YES_AGGRESSIVE;
				GCC_WARN_UNUSED_FUNCTION = YES;
				GCC_WARN_UNUSED_VARIABLE = YES;
				IPHONEOS_DEPLOYMENT_TARGET = 12.4;
				MTL_ENABLE_DEBUG_INFO = INCLUDE_SOURCE;
				MTL_FAST_MATH = YES;
				ONLY_ACTIVE_ARCH = YES;
				SDKROOT = iphoneos;
				SWIFT_ACTIVE_COMPILATION_CONDITIONS = DEBUG;
				SWIFT_OPTIMIZATION_LEVEL = "-Onone";
			};
			name = Debug;
		};
		825E88502320E90F00046ACC /* Release */ = {
			isa = XCBuildConfiguration;
			buildSettings = {
				ALWAYS_SEARCH_USER_PATHS = NO;
				CLANG_ANALYZER_NONNULL = YES;
				CLANG_ANALYZER_NUMBER_OBJECT_CONVERSION = YES_AGGRESSIVE;
				CLANG_CXX_LANGUAGE_STANDARD = "gnu++14";
				CLANG_CXX_LIBRARY = "libc++";
				CLANG_ENABLE_MODULES = YES;
				CLANG_ENABLE_OBJC_ARC = YES;
				CLANG_ENABLE_OBJC_WEAK = YES;
				CLANG_WARN_BLOCK_CAPTURE_AUTORELEASING = YES;
				CLANG_WARN_BOOL_CONVERSION = YES;
				CLANG_WARN_COMMA = YES;
				CLANG_WARN_CONSTANT_CONVERSION = YES;
				CLANG_WARN_DEPRECATED_OBJC_IMPLEMENTATIONS = YES;
				CLANG_WARN_DIRECT_OBJC_ISA_USAGE = YES_ERROR;
				CLANG_WARN_DOCUMENTATION_COMMENTS = YES;
				CLANG_WARN_EMPTY_BODY = YES;
				CLANG_WARN_ENUM_CONVERSION = YES;
				CLANG_WARN_INFINITE_RECURSION = YES;
				CLANG_WARN_INT_CONVERSION = YES;
				CLANG_WARN_NON_LITERAL_NULL_CONVERSION = YES;
				CLANG_WARN_OBJC_IMPLICIT_RETAIN_SELF = YES;
				CLANG_WARN_OBJC_LITERAL_CONVERSION = YES;
				CLANG_WARN_OBJC_ROOT_CLASS = YES_ERROR;
				CLANG_WARN_RANGE_LOOP_ANALYSIS = YES;
				CLANG_WARN_STRICT_PROTOTYPES = YES;
				CLANG_WARN_SUSPICIOUS_MOVE = YES;
				CLANG_WARN_UNGUARDED_AVAILABILITY = YES_AGGRESSIVE;
				CLANG_WARN_UNREACHABLE_CODE = YES;
				CLANG_WARN__DUPLICATE_METHOD_MATCH = YES;
				CODE_SIGN_IDENTITY = "iPhone Developer";
				COPY_PHASE_STRIP = NO;
				DEBUG_INFORMATION_FORMAT = "dwarf-with-dsym";
				ENABLE_NS_ASSERTIONS = NO;
				ENABLE_STRICT_OBJC_MSGSEND = YES;
				GCC_C_LANGUAGE_STANDARD = gnu11;
				GCC_NO_COMMON_BLOCKS = YES;
				GCC_WARN_64_TO_32_BIT_CONVERSION = YES;
				GCC_WARN_ABOUT_RETURN_TYPE = YES_ERROR;
				GCC_WARN_UNDECLARED_SELECTOR = YES;
				GCC_WARN_UNINITIALIZED_AUTOS = YES_AGGRESSIVE;
				GCC_WARN_UNUSED_FUNCTION = YES;
				GCC_WARN_UNUSED_VARIABLE = YES;
				IPHONEOS_DEPLOYMENT_TARGET = 12.4;
				MTL_ENABLE_DEBUG_INFO = NO;
				MTL_FAST_MATH = YES;
				SDKROOT = iphoneos;
				SWIFT_COMPILATION_MODE = wholemodule;
				SWIFT_OPTIMIZATION_LEVEL = "-O";
				VALIDATE_PRODUCT = YES;
			};
			name = Release;
		};
		825E88522320E90F00046ACC /* Debug */ = {
			isa = XCBuildConfiguration;
			buildSettings = {
				ASSETCATALOG_COMPILER_APPICON_NAME = AppIcon;
				CODE_SIGN_STYLE = Automatic;
				DEVELOPMENT_TEAM = W5GB954VRZ;
				INFOPLIST_FILE = calculator/Info.plist;
				IPHONEOS_DEPLOYMENT_TARGET = 11;
				LD_RUNPATH_SEARCH_PATHS = (
					"$(inherited)",
					"@executable_path/Frameworks",
				);
				PRODUCT_BUNDLE_IDENTIFIER = TEST.calculator;
				PRODUCT_NAME = "$(TARGET_NAME)";
				SWIFT_VERSION = 4.2;
				TARGETED_DEVICE_FAMILY = "1,2";
			};
			name = Debug;
		};
		825E88532320E90F00046ACC /* Release */ = {
			isa = XCBuildConfiguration;
			buildSettings = {
				ASSETCATALOG_COMPILER_APPICON_NAME = AppIcon;
				CODE_SIGN_STYLE = Automatic;
				DEVELOPMENT_TEAM = W5GB954VRZ;
				INFOPLIST_FILE = calculator/Info.plist;
				IPHONEOS_DEPLOYMENT_TARGET = 11;
				LD_RUNPATH_SEARCH_PATHS = (
					"$(inherited)",
					"@executable_path/Frameworks",
				);
				PRODUCT_BUNDLE_IDENTIFIER = TEST.calculator;
				PRODUCT_NAME = "$(TARGET_NAME)";
				SWIFT_VERSION = 4.2;
				TARGETED_DEVICE_FAMILY = "1,2";
			};
			name = Release;
		};
		825E88552320E90F00046ACC /* Debug */ = {
			isa = XCBuildConfiguration;
			buildSettings = {
				ALWAYS_EMBED_SWIFT_STANDARD_LIBRARIES = YES;
				BUNDLE_LOADER = "$(TEST_HOST)";
				CODE_SIGN_STYLE = Automatic;
				DEVELOPMENT_TEAM = W5GB954VRZ;
				INFOPLIST_FILE = calculatorTests/Info.plist;
				IPHONEOS_DEPLOYMENT_TARGET = 11.0;
				LD_RUNPATH_SEARCH_PATHS = (
					"$(inherited)",
					"@executable_path/Frameworks",
					"@loader_path/Frameworks",
				);
				PRODUCT_BUNDLE_IDENTIFIER = TEST.calculatorTests;
				PRODUCT_NAME = "$(TARGET_NAME)";
				SWIFT_VERSION = 4.2;
				TARGETED_DEVICE_FAMILY = "1,2";
				TEST_HOST = "$(BUILT_PRODUCTS_DIR)/calculator.app/calculator";
			};
			name = Debug;
		};
		825E88562320E90F00046ACC /* Release */ = {
			isa = XCBuildConfiguration;
			buildSettings = {
				ALWAYS_EMBED_SWIFT_STANDARD_LIBRARIES = YES;
				BUNDLE_LOADER = "$(TEST_HOST)";
				CODE_SIGN_STYLE = Automatic;
				DEVELOPMENT_TEAM = W5GB954VRZ;
				INFOPLIST_FILE = calculatorTests/Info.plist;
				IPHONEOS_DEPLOYMENT_TARGET = 11.0;
				LD_RUNPATH_SEARCH_PATHS = (
					"$(inherited)",
					"@executable_path/Frameworks",
					"@loader_path/Frameworks",
				);
				PRODUCT_BUNDLE_IDENTIFIER = TEST.calculatorTests;
				PRODUCT_NAME = "$(TARGET_NAME)";
				SWIFT_VERSION = 4.2;
				TARGETED_DEVICE_FAMILY = "1,2";
				TEST_HOST = "$(BUILT_PRODUCTS_DIR)/calculator.app/calculator";
			};
			name = Release;
		};
		825E88582320E90F00046ACC /* Debug */ = {
			isa = XCBuildConfiguration;
			buildSettings = {
				ALWAYS_EMBED_SWIFT_STANDARD_LIBRARIES = YES;
				CODE_SIGN_STYLE = Automatic;
				DEVELOPMENT_TEAM = W5GB954VRZ;
				INFOPLIST_FILE = calculatorUITests/Info.plist;
				IPHONEOS_DEPLOYMENT_TARGET = 11.1;
				LD_RUNPATH_SEARCH_PATHS = (
					"$(inherited)",
					"@executable_path/Frameworks",
					"@loader_path/Frameworks",
				);
				PRODUCT_BUNDLE_IDENTIFIER = TEST.calculatorUITests;
				PRODUCT_NAME = "$(TARGET_NAME)";
				SWIFT_VERSION = 4.2;
				TARGETED_DEVICE_FAMILY = "1,2";
				TEST_TARGET_NAME = calculator;
			};
			name = Debug;
		};
		825E88592320E90F00046ACC /* Release */ = {
			isa = XCBuildConfiguration;
			buildSettings = {
				ALWAYS_EMBED_SWIFT_STANDARD_LIBRARIES = YES;
				CODE_SIGN_STYLE = Automatic;
				DEVELOPMENT_TEAM = W5GB954VRZ;
				INFOPLIST_FILE = calculatorUITests/Info.plist;
				IPHONEOS_DEPLOYMENT_TARGET = 11.1;
				LD_RUNPATH_SEARCH_PATHS = (
					"$(inherited)",
					"@executable_path/Frameworks",
					"@loader_path/Frameworks",
				);
				PRODUCT_BUNDLE_IDENTIFIER = TEST.calculatorUITests;
				PRODUCT_NAME = "$(TARGET_NAME)";
				SWIFT_VERSION = 4.2;
				TARGETED_DEVICE_FAMILY = "1,2";
				TEST_TARGET_NAME = calculator;
			};
			name = Release;
		};
/* End XCBuildConfiguration section */

/* Begin XCConfigurationList section */
		825E88242320E90E00046ACC /* Build configuration list for PBXProject "calculator" */ = {
			isa = XCConfigurationList;
			buildConfigurations = (
				825E884F2320E90F00046ACC /* Debug */,
				825E88502320E90F00046ACC /* Release */,
			);
			defaultConfigurationIsVisible = 0;
			defaultConfigurationName = Release;
		};
		825E88512320E90F00046ACC /* Build configuration list for PBXNativeTarget "calculator" */ = {
			isa = XCConfigurationList;
			buildConfigurations = (
				825E88522320E90F00046ACC /* Debug */,
				825E88532320E90F00046ACC /* Release */,
			);
			defaultConfigurationIsVisible = 0;
			defaultConfigurationName = Release;
		};
		825E88542320E90F00046ACC /* Build configuration list for PBXNativeTarget "calculatorTests" */ = {
			isa = XCConfigurationList;
			buildConfigurations = (
				825E88552320E90F00046ACC /* Debug */,
				825E88562320E90F00046ACC /* Release */,
			);
			defaultConfigurationIsVisible = 0;
			defaultConfigurationName = Release;
		};
		825E88572320E90F00046ACC /* Build configuration list for PBXNativeTarget "calculatorUITests" */ = {
			isa = XCConfigurationList;
			buildConfigurations = (
				825E88582320E90F00046ACC /* Debug */,
				825E88592320E90F00046ACC /* Release */,
			);
			defaultConfigurationIsVisible = 0;
			defaultConfigurationName = Release;
		};
/* End XCConfigurationList section */
	};
	rootObject = 825E88212320E90E00046ACC /* Project object */;
}
