// !$*UTF8*$!
{
	archiveVersion = 1;
	classes = {
	};
	objectVersion = 50;
	objects = {

/* Begin PBXBuildFile section */
		82AFD64B238300B8004D4DBD /* AppDelegate.swift in Sources */ = {isa = PBXBuildFile; fileRef = 82AFD64A238300B8004D4DBD /* AppDelegate.swift */; };
		82AFD64D238300B8004D4DBD /* SceneDelegate.swift in Sources */ = {isa = PBXBuildFile; fileRef = 82AFD64C238300B8004D4DBD /* SceneDelegate.swift */; };
		82AFD64F238300B8004D4DBD /* ViewController.swift in Sources */ = {isa = PBXBuildFile; fileRef = 82AFD64E238300B8004D4DBD /* ViewController.swift */; };
		82AFD652238300B8004D4DBD /* Main.storyboard in Resources */ = {isa = PBXBuildFile; fileRef = 82AFD650238300B8004D4DBD /* Main.storyboard */; };
		82AFD654238300B8004D4DBD /* Assets.xcassets in Resources */ = {isa = PBXBuildFile; fileRef = 82AFD653238300B8004D4DBD /* Assets.xcassets */; };
		82AFD657238300B8004D4DBD /* LaunchScreen.storyboard in Resources */ = {isa = PBXBuildFile; fileRef = 82AFD655238300B8004D4DBD /* LaunchScreen.storyboard */; };
		82AFD662238300B9004D4DBD /* RestaurantAppTests.swift in Sources */ = {isa = PBXBuildFile; fileRef = 82AFD661238300B9004D4DBD /* RestaurantAppTests.swift */; };
		82AFD66D238300B9004D4DBD /* RestaurantAppUITests.swift in Sources */ = {isa = PBXBuildFile; fileRef = 82AFD66C238300B9004D4DBD /* RestaurantAppUITests.swift */; };
/* End PBXBuildFile section */

/* Begin PBXContainerItemProxy section */
		82AFD65E238300B9004D4DBD /* PBXContainerItemProxy */ = {
			isa = PBXContainerItemProxy;
			containerPortal = 82AFD63F238300B8004D4DBD /* Project object */;
			proxyType = 1;
			remoteGlobalIDString = 82AFD646238300B8004D4DBD;
			remoteInfo = RestaurantApp;
		};
		82AFD669238300B9004D4DBD /* PBXContainerItemProxy */ = {
			isa = PBXContainerItemProxy;
			containerPortal = 82AFD63F238300B8004D4DBD /* Project object */;
			proxyType = 1;
			remoteGlobalIDString = 82AFD646238300B8004D4DBD;
			remoteInfo = RestaurantApp;
		};
/* End PBXContainerItemProxy section */

/* Begin PBXFileReference section */
		82AFD647238300B8004D4DBD /* RestaurantApp.app */ = {isa = PBXFileReference; explicitFileType = wrapper.application; includeInIndex = 0; path = RestaurantApp.app; sourceTree = BUILT_PRODUCTS_DIR; };
		82AFD64A238300B8004D4DBD /* AppDelegate.swift */ = {isa = PBXFileReference; lastKnownFileType = sourcecode.swift; path = AppDelegate.swift; sourceTree = "<group>"; };
		82AFD64C238300B8004D4DBD /* SceneDelegate.swift */ = {isa = PBXFileReference; lastKnownFileType = sourcecode.swift; path = SceneDelegate.swift; sourceTree = "<group>"; };
		82AFD64E238300B8004D4DBD /* ViewController.swift */ = {isa = PBXFileReference; lastKnownFileType = sourcecode.swift; path = ViewController.swift; sourceTree = "<group>"; };
		82AFD651238300B8004D4DBD /* Base */ = {isa = PBXFileReference; lastKnownFileType = file.storyboard; name = Base; path = Base.lproj/Main.storyboard; sourceTree = "<group>"; };
		82AFD653238300B8004D4DBD /* Assets.xcassets */ = {isa = PBXFileReference; lastKnownFileType = folder.assetcatalog; path = Assets.xcassets; sourceTree = "<group>"; };
		82AFD656238300B8004D4DBD /* Base */ = {isa = PBXFileReference; lastKnownFileType = file.storyboard; name = Base; path = Base.lproj/LaunchScreen.storyboard; sourceTree = "<group>"; };
		82AFD658238300B8004D4DBD /* Info.plist */ = {isa = PBXFileReference; lastKnownFileType = text.plist.xml; path = Info.plist; sourceTree = "<group>"; };
		82AFD65D238300B9004D4DBD /* RestaurantAppTests.xctest */ = {isa = PBXFileReference; explicitFileType = wrapper.cfbundle; includeInIndex = 0; path = RestaurantAppTests.xctest; sourceTree = BUILT_PRODUCTS_DIR; };
		82AFD661238300B9004D4DBD /* RestaurantAppTests.swift */ = {isa = PBXFileReference; lastKnownFileType = sourcecode.swift; path = RestaurantAppTests.swift; sourceTree = "<group>"; };
		82AFD663238300B9004D4DBD /* Info.plist */ = {isa = PBXFileReference; lastKnownFileType = text.plist.xml; path = Info.plist; sourceTree = "<group>"; };
		82AFD668238300B9004D4DBD /* RestaurantAppUITests.xctest */ = {isa = PBXFileReference; explicitFileType = wrapper.cfbundle; includeInIndex = 0; path = RestaurantAppUITests.xctest; sourceTree = BUILT_PRODUCTS_DIR; };
		82AFD66C238300B9004D4DBD /* RestaurantAppUITests.swift */ = {isa = PBXFileReference; lastKnownFileType = sourcecode.swift; path = RestaurantAppUITests.swift; sourceTree = "<group>"; };
		82AFD66E238300B9004D4DBD /* Info.plist */ = {isa = PBXFileReference; lastKnownFileType = text.plist.xml; path = Info.plist; sourceTree = "<group>"; };
/* End PBXFileReference section */

/* Begin PBXFrameworksBuildPhase section */
		82AFD644238300B8004D4DBD /* Frameworks */ = {
			isa = PBXFrameworksBuildPhase;
			buildActionMask = 2147483647;
			files = (
			);
			runOnlyForDeploymentPostprocessing = 0;
		};
		82AFD65A238300B9004D4DBD /* Frameworks */ = {
			isa = PBXFrameworksBuildPhase;
			buildActionMask = 2147483647;
			files = (
			);
			runOnlyForDeploymentPostprocessing = 0;
		};
		82AFD665238300B9004D4DBD /* Frameworks */ = {
			isa = PBXFrameworksBuildPhase;
			buildActionMask = 2147483647;
			files = (
			);
			runOnlyForDeploymentPostprocessing = 0;
		};
/* End PBXFrameworksBuildPhase section */

/* Begin PBXGroup section */
		82AFD63E238300B8004D4DBD = {
			isa = PBXGroup;
			children = (
				82AFD649238300B8004D4DBD /* RestaurantApp */,
				82AFD660238300B9004D4DBD /* RestaurantAppTests */,
				82AFD66B238300B9004D4DBD /* RestaurantAppUITests */,
				82AFD648238300B8004D4DBD /* Products */,
			);
			sourceTree = "<group>";
		};
		82AFD648238300B8004D4DBD /* Products */ = {
			isa = PBXGroup;
			children = (
				82AFD647238300B8004D4DBD /* RestaurantApp.app */,
				82AFD65D238300B9004D4DBD /* RestaurantAppTests.xctest */,
				82AFD668238300B9004D4DBD /* RestaurantAppUITests.xctest */,
			);
			name = Products;
			sourceTree = "<group>";
		};
		82AFD649238300B8004D4DBD /* RestaurantApp */ = {
			isa = PBXGroup;
			children = (
				82AFD64A238300B8004D4DBD /* AppDelegate.swift */,
				82AFD64C238300B8004D4DBD /* SceneDelegate.swift */,
				82AFD64E238300B8004D4DBD /* ViewController.swift */,
				82AFD650238300B8004D4DBD /* Main.storyboard */,
				82AFD653238300B8004D4DBD /* Assets.xcassets */,
				82AFD655238300B8004D4DBD /* LaunchScreen.storyboard */,
				82AFD658238300B8004D4DBD /* Info.plist */,
			);
			path = RestaurantApp;
			sourceTree = "<group>";
		};
		82AFD660238300B9004D4DBD /* RestaurantAppTests */ = {
			isa = PBXGroup;
			children = (
				82AFD661238300B9004D4DBD /* RestaurantAppTests.swift */,
				82AFD663238300B9004D4DBD /* Info.plist */,
			);
			path = RestaurantAppTests;
			sourceTree = "<group>";
		};
		82AFD66B238300B9004D4DBD /* RestaurantAppUITests */ = {
			isa = PBXGroup;
			children = (
				82AFD66C238300B9004D4DBD /* RestaurantAppUITests.swift */,
				82AFD66E238300B9004D4DBD /* Info.plist */,
			);
			path = RestaurantAppUITests;
			sourceTree = "<group>";
		};
/* End PBXGroup section */

/* Begin PBXNativeTarget section */
		82AFD646238300B8004D4DBD /* RestaurantApp */ = {
			isa = PBXNativeTarget;
			buildConfigurationList = 82AFD671238300B9004D4DBD /* Build configuration list for PBXNativeTarget "RestaurantApp" */;
			buildPhases = (
				82AFD643238300B8004D4DBD /* Sources */,
				82AFD644238300B8004D4DBD /* Frameworks */,
				82AFD645238300B8004D4DBD /* Resources */,
			);
			buildRules = (
			);
			dependencies = (
			);
			name = RestaurantApp;
			productName = RestaurantApp;
			productReference = 82AFD647238300B8004D4DBD /* RestaurantApp.app */;
			productType = "com.apple.product-type.application";
		};
		82AFD65C238300B9004D4DBD /* RestaurantAppTests */ = {
			isa = PBXNativeTarget;
			buildConfigurationList = 82AFD674238300B9004D4DBD /* Build configuration list for PBXNativeTarget "RestaurantAppTests" */;
			buildPhases = (
				82AFD659238300B9004D4DBD /* Sources */,
				82AFD65A238300B9004D4DBD /* Frameworks */,
				82AFD65B238300B9004D4DBD /* Resources */,
			);
			buildRules = (
			);
			dependencies = (
				82AFD65F238300B9004D4DBD /* PBXTargetDependency */,
			);
			name = RestaurantAppTests;
			productName = RestaurantAppTests;
			productReference = 82AFD65D238300B9004D4DBD /* RestaurantAppTests.xctest */;
			productType = "com.apple.product-type.bundle.unit-test";
		};
		82AFD667238300B9004D4DBD /* RestaurantAppUITests */ = {
			isa = PBXNativeTarget;
			buildConfigurationList = 82AFD677238300B9004D4DBD /* Build configuration list for PBXNativeTarget "RestaurantAppUITests" */;
			buildPhases = (
				82AFD664238300B9004D4DBD /* Sources */,
				82AFD665238300B9004D4DBD /* Frameworks */,
				82AFD666238300B9004D4DBD /* Resources */,
			);
			buildRules = (
			);
			dependencies = (
				82AFD66A238300B9004D4DBD /* PBXTargetDependency */,
			);
			name = RestaurantAppUITests;
			productName = RestaurantAppUITests;
			productReference = 82AFD668238300B9004D4DBD /* RestaurantAppUITests.xctest */;
			productType = "com.apple.product-type.bundle.ui-testing";
		};
/* End PBXNativeTarget section */

/* Begin PBXProject section */
		82AFD63F238300B8004D4DBD /* Project object */ = {
			isa = PBXProject;
			attributes = {
				LastSwiftUpdateCheck = 1110;
				LastUpgradeCheck = 1110;
				ORGANIZATIONNAME = "Сейткасым Байтурсынов";
				TargetAttributes = {
					82AFD646238300B8004D4DBD = {
						CreatedOnToolsVersion = 11.1;
					};
					82AFD65C238300B9004D4DBD = {
						CreatedOnToolsVersion = 11.1;
						TestTargetID = 82AFD646238300B8004D4DBD;
					};
					82AFD667238300B9004D4DBD = {
						CreatedOnToolsVersion = 11.1;
						TestTargetID = 82AFD646238300B8004D4DBD;
					};
				};
			};
			buildConfigurationList = 82AFD642238300B8004D4DBD /* Build configuration list for PBXProject "RestaurantApp" */;
			compatibilityVersion = "Xcode 9.3";
			developmentRegion = en;
			hasScannedForEncodings = 0;
			knownRegions = (
				en,
				Base,
			);
			mainGroup = 82AFD63E238300B8004D4DBD;
			productRefGroup = 82AFD648238300B8004D4DBD /* Products */;
			projectDirPath = "";
			projectRoot = "";
			targets = (
				82AFD646238300B8004D4DBD /* RestaurantApp */,
				82AFD65C238300B9004D4DBD /* RestaurantAppTests */,
				82AFD667238300B9004D4DBD /* RestaurantAppUITests */,
			);
		};
/* End PBXProject section */

/* Begin PBXResourcesBuildPhase section */
		82AFD645238300B8004D4DBD /* Resources */ = {
			isa = PBXResourcesBuildPhase;
			buildActionMask = 2147483647;
			files = (
				82AFD657238300B8004D4DBD /* LaunchScreen.storyboard in Resources */,
				82AFD654238300B8004D4DBD /* Assets.xcassets in Resources */,
				82AFD652238300B8004D4DBD /* Main.storyboard in Resources */,
			);
			runOnlyForDeploymentPostprocessing = 0;
		};
		82AFD65B238300B9004D4DBD /* Resources */ = {
			isa = PBXResourcesBuildPhase;
			buildActionMask = 2147483647;
			files = (
			);
			runOnlyForDeploymentPostprocessing = 0;
		};
		82AFD666238300B9004D4DBD /* Resources */ = {
			isa = PBXResourcesBuildPhase;
			buildActionMask = 2147483647;
			files = (
			);
			runOnlyForDeploymentPostprocessing = 0;
		};
/* End PBXResourcesBuildPhase section */

/* Begin PBXSourcesBuildPhase section */
		82AFD643238300B8004D4DBD /* Sources */ = {
			isa = PBXSourcesBuildPhase;
			buildActionMask = 2147483647;
			files = (
				82AFD64F238300B8004D4DBD /* ViewController.swift in Sources */,
				82AFD64B238300B8004D4DBD /* AppDelegate.swift in Sources */,
				82AFD64D238300B8004D4DBD /* SceneDelegate.swift in Sources */,
			);
			runOnlyForDeploymentPostprocessing = 0;
		};
		82AFD659238300B9004D4DBD /* Sources */ = {
			isa = PBXSourcesBuildPhase;
			buildActionMask = 2147483647;
			files = (
				82AFD662238300B9004D4DBD /* RestaurantAppTests.swift in Sources */,
			);
			runOnlyForDeploymentPostprocessing = 0;
		};
		82AFD664238300B9004D4DBD /* Sources */ = {
			isa = PBXSourcesBuildPhase;
			buildActionMask = 2147483647;
			files = (
				82AFD66D238300B9004D4DBD /* RestaurantAppUITests.swift in Sources */,
			);
			runOnlyForDeploymentPostprocessing = 0;
		};
/* End PBXSourcesBuildPhase section */

/* Begin PBXTargetDependency section */
		82AFD65F238300B9004D4DBD /* PBXTargetDependency */ = {
			isa = PBXTargetDependency;
			target = 82AFD646238300B8004D4DBD /* RestaurantApp */;
			targetProxy = 82AFD65E238300B9004D4DBD /* PBXContainerItemProxy */;
		};
		82AFD66A238300B9004D4DBD /* PBXTargetDependency */ = {
			isa = PBXTargetDependency;
			target = 82AFD646238300B8004D4DBD /* RestaurantApp */;
			targetProxy = 82AFD669238300B9004D4DBD /* PBXContainerItemProxy */;
		};
/* End PBXTargetDependency section */

/* Begin PBXVariantGroup section */
		82AFD650238300B8004D4DBD /* Main.storyboard */ = {
			isa = PBXVariantGroup;
			children = (
				82AFD651238300B8004D4DBD /* Base */,
			);
			name = Main.storyboard;
			sourceTree = "<group>";
		};
		82AFD655238300B8004D4DBD /* LaunchScreen.storyboard */ = {
			isa = PBXVariantGroup;
			children = (
				82AFD656238300B8004D4DBD /* Base */,
			);
			name = LaunchScreen.storyboard;
			sourceTree = "<group>";
		};
/* End PBXVariantGroup section */

/* Begin XCBuildConfiguration section */
		82AFD66F238300B9004D4DBD /* Debug */ = {
			isa = XCBuildConfiguration;
			buildSettings = {
				ALWAYS_SEARCH_USER_PATHS = NO;
				CLANG_ANALYZER_NONNULL = YES;
				CLANG_ANALYZER_NUMBER_OBJECT_CONVERSION = YES_AGGRESSIVE;
				CLANG_CXX_LANGUAGE_STANDARD = "gnu++14";
				CLANG_CXX_LIBRARY = "libc++";
				CLANG_ENABLE_MODULES = YES;
				CLANG_ENABLE_OBJC_ARC = YES;
				CLANG_ENABLE_OBJC_WEAK = YES;
				CLANG_WARN_BLOCK_CAPTURE_AUTORELEASING = YES;
				CLANG_WARN_BOOL_CONVERSION = YES;
				CLANG_WARN_COMMA = YES;
				CLANG_WARN_CONSTANT_CONVERSION = YES;
				CLANG_WARN_DEPRECATED_OBJC_IMPLEMENTATIONS = YES;
				CLANG_WARN_DIRECT_OBJC_ISA_USAGE = YES_ERROR;
				CLANG_WARN_DOCUMENTATION_COMMENTS = YES;
				CLANG_WARN_EMPTY_BODY = YES;
				CLANG_WARN_ENUM_CONVERSION = YES;
				CLANG_WARN_INFINITE_RECURSION = YES;
				CLANG_WARN_INT_CONVERSION = YES;
				CLANG_WARN_NON_LITERAL_NULL_CONVERSION = YES;
				CLANG_WARN_OBJC_IMPLICIT_RETAIN_SELF = YES;
				CLANG_WARN_OBJC_LITERAL_CONVERSION = YES;
				CLANG_WARN_OBJC_ROOT_CLASS = YES_ERROR;
				CLANG_WARN_RANGE_LOOP_ANALYSIS = YES;
				CLANG_WARN_STRICT_PROTOTYPES = YES;
				CLANG_WARN_SUSPICIOUS_MOVE = YES;
				CLANG_WARN_UNGUARDED_AVAILABILITY = YES_AGGRESSIVE;
				CLANG_WARN_UNREACHABLE_CODE = YES;
				CLANG_WARN__DUPLICATE_METHOD_MATCH = YES;
				COPY_PHASE_STRIP = NO;
				DEBUG_INFORMATION_FORMAT = dwarf;
				ENABLE_STRICT_OBJC_MSGSEND = YES;
				ENABLE_TESTABILITY = YES;
				GCC_C_LANGUAGE_STANDARD = gnu11;
				GCC_DYNAMIC_NO_PIC = NO;
				GCC_NO_COMMON_BLOCKS = YES;
				GCC_OPTIMIZATION_LEVEL = 0;
				GCC_PREPROCESSOR_DEFINITIONS = (
					"DEBUG=1",
					"$(inherited)",
				);
				GCC_WARN_64_TO_32_BIT_CONVERSION = YES;
				GCC_WARN_ABOUT_RETURN_TYPE = YES_ERROR;
				GCC_WARN_UNDECLARED_SELECTOR = YES;
				GCC_WARN_UNINITIALIZED_AUTOS = YES_AGGRESSIVE;
				GCC_WARN_UNUSED_FUNCTION = YES;
				GCC_WARN_UNUSED_VARIABLE = YES;
				IPHONEOS_DEPLOYMENT_TARGET = 13.1;
				MTL_ENABLE_DEBUG_INFO = INCLUDE_SOURCE;
				MTL_FAST_MATH = YES;
				ONLY_ACTIVE_ARCH = YES;
				SDKROOT = iphoneos;
				SWIFT_ACTIVE_COMPILATION_CONDITIONS = DEBUG;
				SWIFT_OPTIMIZATION_LEVEL = "-Onone";
			};
			name = Debug;
		};
		82AFD670238300B9004D4DBD /* Release */ = {
			isa = XCBuildConfiguration;
			buildSettings = {
				ALWAYS_SEARCH_USER_PATHS = NO;
				CLANG_ANALYZER_NONNULL = YES;
				CLANG_ANALYZER_NUMBER_OBJECT_CONVERSION = YES_AGGRESSIVE;
				CLANG_CXX_LANGUAGE_STANDARD = "gnu++14";
				CLANG_CXX_LIBRARY = "libc++";
				CLANG_ENABLE_MODULES = YES;
				CLANG_ENABLE_OBJC_ARC = YES;
				CLANG_ENABLE_OBJC_WEAK = YES;
				CLANG_WARN_BLOCK_CAPTURE_AUTORELEASING = YES;
				CLANG_WARN_BOOL_CONVERSION = YES;
				CLANG_WARN_COMMA = YES;
				CLANG_WARN_CONSTANT_CONVERSION = YES;
				CLANG_WARN_DEPRECATED_OBJC_IMPLEMENTATIONS = YES;
				CLANG_WARN_DIRECT_OBJC_ISA_USAGE = YES_ERROR;
				CLANG_WARN_DOCUMENTATION_COMMENTS = YES;
				CLANG_WARN_EMPTY_BODY = YES;
				CLANG_WARN_ENUM_CONVERSION = YES;
				CLANG_WARN_INFINITE_RECURSION = YES;
				CLANG_WARN_INT_CONVERSION = YES;
				CLANG_WARN_NON_LITERAL_NULL_CONVERSION = YES;
				CLANG_WARN_OBJC_IMPLICIT_RETAIN_SELF = YES;
				CLANG_WARN_OBJC_LITERAL_CONVERSION = YES;
				CLANG_WARN_OBJC_ROOT_CLASS = YES_ERROR;
				CLANG_WARN_RANGE_LOOP_ANALYSIS = YES;
				CLANG_WARN_STRICT_PROTOTYPES = YES;
				CLANG_WARN_SUSPICIOUS_MOVE = YES;
				CLANG_WARN_UNGUARDED_AVAILABILITY = YES_AGGRESSIVE;
				CLANG_WARN_UNREACHABLE_CODE = YES;
				CLANG_WARN__DUPLICATE_METHOD_MATCH = YES;
				COPY_PHASE_STRIP = NO;
				DEBUG_INFORMATION_FORMAT = "dwarf-with-dsym";
				ENABLE_NS_ASSERTIONS = NO;
				ENABLE_STRICT_OBJC_MSGSEND = YES;
				GCC_C_LANGUAGE_STANDARD = gnu11;
				GCC_NO_COMMON_BLOCKS = YES;
				GCC_WARN_64_TO_32_BIT_CONVERSION = YES;
				GCC_WARN_ABOUT_RETURN_TYPE = YES_ERROR;
				GCC_WARN_UNDECLARED_SELECTOR = YES;
				GCC_WARN_UNINITIALIZED_AUTOS = YES_AGGRESSIVE;
				GCC_WARN_UNUSED_FUNCTION = YES;
				GCC_WARN_UNUSED_VARIABLE = YES;
				IPHONEOS_DEPLOYMENT_TARGET = 13.1;
				MTL_ENABLE_DEBUG_INFO = NO;
				MTL_FAST_MATH = YES;
				SDKROOT = iphoneos;
				SWIFT_COMPILATION_MODE = wholemodule;
				SWIFT_OPTIMIZATION_LEVEL = "-O";
				VALIDATE_PRODUCT = YES;
			};
			name = Release;
		};
		82AFD672238300B9004D4DBD /* Debug */ = {
			isa = XCBuildConfiguration;
			buildSettings = {
				ASSETCATALOG_COMPILER_APPICON_NAME = AppIcon;
				CODE_SIGN_STYLE = Automatic;
				DEVELOPMENT_TEAM = W5GB954VRZ;
				INFOPLIST_FILE = RestaurantApp/Info.plist;
				LD_RUNPATH_SEARCH_PATHS = (
					"$(inherited)",
					"@executable_path/Frameworks",
				);
				PRODUCT_BUNDLE_IDENTIFIER = TEST.RestaurantApp;
				PRODUCT_NAME = "$(TARGET_NAME)";
				SWIFT_VERSION = 5.0;
				TARGETED_DEVICE_FAMILY = "1,2";
			};
			name = Debug;
		};
		82AFD673238300B9004D4DBD /* Release */ = {
			isa = XCBuildConfiguration;
			buildSettings = {
				ASSETCATALOG_COMPILER_APPICON_NAME = AppIcon;
				CODE_SIGN_STYLE = Automatic;
				DEVELOPMENT_TEAM = W5GB954VRZ;
				INFOPLIST_FILE = RestaurantApp/Info.plist;
				LD_RUNPATH_SEARCH_PATHS = (
					"$(inherited)",
					"@executable_path/Frameworks",
				);
				PRODUCT_BUNDLE_IDENTIFIER = TEST.RestaurantApp;
				PRODUCT_NAME = "$(TARGET_NAME)";
				SWIFT_VERSION = 5.0;
				TARGETED_DEVICE_FAMILY = "1,2";
			};
			name = Release;
		};
		82AFD675238300B9004D4DBD /* Debug */ = {
			isa = XCBuildConfiguration;
			buildSettings = {
				ALWAYS_EMBED_SWIFT_STANDARD_LIBRARIES = YES;
				BUNDLE_LOADER = "$(TEST_HOST)";
				CODE_SIGN_STYLE = Automatic;
				DEVELOPMENT_TEAM = W5GB954VRZ;
				INFOPLIST_FILE = RestaurantAppTests/Info.plist;
				IPHONEOS_DEPLOYMENT_TARGET = 13.1;
				LD_RUNPATH_SEARCH_PATHS = (
					"$(inherited)",
					"@executable_path/Frameworks",
					"@loader_path/Frameworks",
				);
				PRODUCT_BUNDLE_IDENTIFIER = TEST.RestaurantAppTests;
				PRODUCT_NAME = "$(TARGET_NAME)";
				SWIFT_VERSION = 5.0;
				TARGETED_DEVICE_FAMILY = "1,2";
				TEST_HOST = "$(BUILT_PRODUCTS_DIR)/RestaurantApp.app/RestaurantApp";
			};
			name = Debug;
		};
		82AFD676238300B9004D4DBD /* Release */ = {
			isa = XCBuildConfiguration;
			buildSettings = {
				ALWAYS_EMBED_SWIFT_STANDARD_LIBRARIES = YES;
				BUNDLE_LOADER = "$(TEST_HOST)";
				CODE_SIGN_STYLE = Automatic;
				DEVELOPMENT_TEAM = W5GB954VRZ;
				INFOPLIST_FILE = RestaurantAppTests/Info.plist;
				IPHONEOS_DEPLOYMENT_TARGET = 13.1;
				LD_RUNPATH_SEARCH_PATHS = (
					"$(inherited)",
					"@executable_path/Frameworks",
					"@loader_path/Frameworks",
				);
				PRODUCT_BUNDLE_IDENTIFIER = TEST.RestaurantAppTests;
				PRODUCT_NAME = "$(TARGET_NAME)";
				SWIFT_VERSION = 5.0;
				TARGETED_DEVICE_FAMILY = "1,2";
				TEST_HOST = "$(BUILT_PRODUCTS_DIR)/RestaurantApp.app/RestaurantApp";
			};
			name = Release;
		};
		82AFD678238300B9004D4DBD /* Debug */ = {
			isa = XCBuildConfiguration;
			buildSettings = {
				ALWAYS_EMBED_SWIFT_STANDARD_LIBRARIES = YES;
				CODE_SIGN_STYLE = Automatic;
				DEVELOPMENT_TEAM = W5GB954VRZ;
				INFOPLIST_FILE = RestaurantAppUITests/Info.plist;
				LD_RUNPATH_SEARCH_PATHS = (
					"$(inherited)",
					"@executable_path/Frameworks",
					"@loader_path/Frameworks",
				);
				PRODUCT_BUNDLE_IDENTIFIER = TEST.RestaurantAppUITests;
				PRODUCT_NAME = "$(TARGET_NAME)";
				SWIFT_VERSION = 5.0;
				TARGETED_DEVICE_FAMILY = "1,2";
				TEST_TARGET_NAME = RestaurantApp;
			};
			name = Debug;
		};
		82AFD679238300B9004D4DBD /* Release */ = {
			isa = XCBuildConfiguration;
			buildSettings = {
				ALWAYS_EMBED_SWIFT_STANDARD_LIBRARIES = YES;
				CODE_SIGN_STYLE = Automatic;
				DEVELOPMENT_TEAM = W5GB954VRZ;
				INFOPLIST_FILE = RestaurantAppUITests/Info.plist;
				LD_RUNPATH_SEARCH_PATHS = (
					"$(inherited)",
					"@executable_path/Frameworks",
					"@loader_path/Frameworks",
				);
				PRODUCT_BUNDLE_IDENTIFIER = TEST.RestaurantAppUITests;
				PRODUCT_NAME = "$(TARGET_NAME)";
				SWIFT_VERSION = 5.0;
				TARGETED_DEVICE_FAMILY = "1,2";
				TEST_TARGET_NAME = RestaurantApp;
			};
			name = Release;
		};
/* End XCBuildConfiguration section */

/* Begin XCConfigurationList section */
		82AFD642238300B8004D4DBD /* Build configuration list for PBXProject "RestaurantApp" */ = {
			isa = XCConfigurationList;
			buildConfigurations = (
				82AFD66F238300B9004D4DBD /* Debug */,
				82AFD670238300B9004D4DBD /* Release */,
			);
			defaultConfigurationIsVisible = 0;
			defaultConfigurationName = Release;
		};
		82AFD671238300B9004D4DBD /* Build configuration list for PBXNativeTarget "RestaurantApp" */ = {
			isa = XCConfigurationList;
			buildConfigurations = (
				82AFD672238300B9004D4DBD /* Debug */,
				82AFD673238300B9004D4DBD /* Release */,
			);
			defaultConfigurationIsVisible = 0;
			defaultConfigurationName = Release;
		};
		82AFD674238300B9004D4DBD /* Build configuration list for PBXNativeTarget "RestaurantAppTests" */ = {
			isa = XCConfigurationList;
			buildConfigurations = (
				82AFD675238300B9004D4DBD /* Debug */,
				82AFD676238300B9004D4DBD /* Release */,
			);
			defaultConfigurationIsVisible = 0;
			defaultConfigurationName = Release;
		};
		82AFD677238300B9004D4DBD /* Build configuration list for PBXNativeTarget "RestaurantAppUITests" */ = {
			isa = XCConfigurationList;
			buildConfigurations = (
				82AFD678238300B9004D4DBD /* Debug */,
				82AFD679238300B9004D4DBD /* Release */,
			);
			defaultConfigurationIsVisible = 0;
			defaultConfigurationName = Release;
		};
/* End XCConfigurationList section */
	};
	rootObject = 82AFD63F238300B8004D4DBD /* Project object */;
}
